// !$*UTF8*$!
{
	archiveVersion = 1;
	classes = {
	};
	objectVersion = 50;
	objects = {

/* Begin PBXBuildFile section */
		920E89BE266E011D003E0F47 /* AppDelegate.swift in Sources */ = {isa = PBXBuildFile; fileRef = 920E89BD266E011D003E0F47 /* AppDelegate.swift */; };
		920E89C0266E011D003E0F47 /* SceneDelegate.swift in Sources */ = {isa = PBXBuildFile; fileRef = 920E89BF266E011D003E0F47 /* SceneDelegate.swift */; };
		920E89C2266E011D003E0F47 /* ViewController.swift in Sources */ = {isa = PBXBuildFile; fileRef = 920E89C1266E011D003E0F47 /* ViewController.swift */; };
		920E89C5266E011D003E0F47 /* Main.storyboard in Resources */ = {isa = PBXBuildFile; fileRef = 920E89C3266E011D003E0F47 /* Main.storyboard */; };
		920E89C7266E011E003E0F47 /* Assets.xcassets in Resources */ = {isa = PBXBuildFile; fileRef = 920E89C6266E011E003E0F47 /* Assets.xcassets */; };
		920E89CA266E011E003E0F47 /* LaunchScreen.storyboard in Resources */ = {isa = PBXBuildFile; fileRef = 920E89C8266E011E003E0F47 /* LaunchScreen.storyboard */; };
		920E89D5266E011E003E0F47 /* Sk_rmtimer_appTests.swift in Sources */ = {isa = PBXBuildFile; fileRef = 920E89D4266E011E003E0F47 /* Sk_rmtimer_appTests.swift */; };
		920E89E0266E011E003E0F47 /* Sk_rmtimer_appUITests.swift in Sources */ = {isa = PBXBuildFile; fileRef = 920E89DF266E011E003E0F47 /* Sk_rmtimer_appUITests.swift */; };
		921275552672116A00CA580A /* Functions.swift in Sources */ = {isa = PBXBuildFile; fileRef = 921275542672116A00CA580A /* Functions.swift */; };
/* End PBXBuildFile section */

/* Begin PBXContainerItemProxy section */
		920E89D1266E011E003E0F47 /* PBXContainerItemProxy */ = {
			isa = PBXContainerItemProxy;
			containerPortal = 920E89B2266E011D003E0F47 /* Project object */;
			proxyType = 1;
			remoteGlobalIDString = 920E89B9266E011D003E0F47;
			remoteInfo = "Skærmtimer app";
		};
		920E89DC266E011E003E0F47 /* PBXContainerItemProxy */ = {
			isa = PBXContainerItemProxy;
			containerPortal = 920E89B2266E011D003E0F47 /* Project object */;
			proxyType = 1;
			remoteGlobalIDString = 920E89B9266E011D003E0F47;
			remoteInfo = "Skærmtimer app";
		};
/* End PBXContainerItemProxy section */

/* Begin PBXFileReference section */
		920E89BA266E011D003E0F47 /* Skærmtimer app.app */ = {isa = PBXFileReference; explicitFileType = wrapper.application; includeInIndex = 0; path = "Skærmtimer app.app"; sourceTree = BUILT_PRODUCTS_DIR; };
		920E89BD266E011D003E0F47 /* AppDelegate.swift */ = {isa = PBXFileReference; lastKnownFileType = sourcecode.swift; path = AppDelegate.swift; sourceTree = "<group>"; };
		920E89BF266E011D003E0F47 /* SceneDelegate.swift */ = {isa = PBXFileReference; lastKnownFileType = sourcecode.swift; path = SceneDelegate.swift; sourceTree = "<group>"; };
		920E89C1266E011D003E0F47 /* ViewController.swift */ = {isa = PBXFileReference; lastKnownFileType = sourcecode.swift; path = ViewController.swift; sourceTree = "<group>"; };
		920E89C4266E011D003E0F47 /* Base */ = {isa = PBXFileReference; lastKnownFileType = file.storyboard; name = Base; path = Base.lproj/Main.storyboard; sourceTree = "<group>"; };
		920E89C6266E011E003E0F47 /* Assets.xcassets */ = {isa = PBXFileReference; lastKnownFileType = folder.assetcatalog; path = Assets.xcassets; sourceTree = "<group>"; };
		920E89C9266E011E003E0F47 /* Base */ = {isa = PBXFileReference; lastKnownFileType = file.storyboard; name = Base; path = Base.lproj/LaunchScreen.storyboard; sourceTree = "<group>"; };
		920E89CB266E011E003E0F47 /* Info.plist */ = {isa = PBXFileReference; lastKnownFileType = text.plist.xml; path = Info.plist; sourceTree = "<group>"; };
		920E89D0266E011E003E0F47 /* Skærmtimer appTests.xctest */ = {isa = PBXFileReference; explicitFileType = wrapper.cfbundle; includeInIndex = 0; path = "Skærmtimer appTests.xctest"; sourceTree = BUILT_PRODUCTS_DIR; };
		920E89D4266E011E003E0F47 /* Sk_rmtimer_appTests.swift */ = {isa = PBXFileReference; lastKnownFileType = sourcecode.swift; path = Sk_rmtimer_appTests.swift; sourceTree = "<group>"; };
		920E89D6266E011E003E0F47 /* Info.plist */ = {isa = PBXFileReference; lastKnownFileType = text.plist.xml; path = Info.plist; sourceTree = "<group>"; };
		920E89DB266E011E003E0F47 /* Skærmtimer appUITests.xctest */ = {isa = PBXFileReference; explicitFileType = wrapper.cfbundle; includeInIndex = 0; path = "Skærmtimer appUITests.xctest"; sourceTree = BUILT_PRODUCTS_DIR; };
		920E89DF266E011E003E0F47 /* Sk_rmtimer_appUITests.swift */ = {isa = PBXFileReference; lastKnownFileType = sourcecode.swift; path = Sk_rmtimer_appUITests.swift; sourceTree = "<group>"; };
		920E89E1266E011E003E0F47 /* Info.plist */ = {isa = PBXFileReference; lastKnownFileType = text.plist.xml; path = Info.plist; sourceTree = "<group>"; };
		921275542672116A00CA580A /* Functions.swift */ = {isa = PBXFileReference; lastKnownFileType = sourcecode.swift; path = Functions.swift; sourceTree = "<group>"; };
/* End PBXFileReference section */

/* Begin PBXFrameworksBuildPhase section */
		920E89B7266E011D003E0F47 /* Frameworks */ = {
			isa = PBXFrameworksBuildPhase;
			buildActionMask = 2147483647;
			files = (
			);
			runOnlyForDeploymentPostprocessing = 0;
		};
		920E89CD266E011E003E0F47 /* Frameworks */ = {
			isa = PBXFrameworksBuildPhase;
			buildActionMask = 2147483647;
			files = (
			);
			runOnlyForDeploymentPostprocessing = 0;
		};
		920E89D8266E011E003E0F47 /* Frameworks */ = {
			isa = PBXFrameworksBuildPhase;
			buildActionMask = 2147483647;
			files = (
			);
			runOnlyForDeploymentPostprocessing = 0;
		};
/* End PBXFrameworksBuildPhase section */

/* Begin PBXGroup section */
		920E89B1266E011D003E0F47 = {
			isa = PBXGroup;
			children = (
				920E89BC266E011D003E0F47 /* Skærmtimer app */,
				920E89D3266E011E003E0F47 /* Skærmtimer appTests */,
				920E89DE266E011E003E0F47 /* Skærmtimer appUITests */,
				920E89BB266E011D003E0F47 /* Products */,
			);
			sourceTree = "<group>";
		};
		920E89BB266E011D003E0F47 /* Products */ = {
			isa = PBXGroup;
			children = (
				920E89BA266E011D003E0F47 /* Skærmtimer app.app */,
				920E89D0266E011E003E0F47 /* Skærmtimer appTests.xctest */,
				920E89DB266E011E003E0F47 /* Skærmtimer appUITests.xctest */,
			);
			name = Products;
			sourceTree = "<group>";
		};
		920E89BC266E011D003E0F47 /* Skærmtimer app */ = {
			isa = PBXGroup;
			children = (
				920E89BD266E011D003E0F47 /* AppDelegate.swift */,
				920E89BF266E011D003E0F47 /* SceneDelegate.swift */,
				920E89C3266E011D003E0F47 /* Main.storyboard */,
				920E89C6266E011E003E0F47 /* Assets.xcassets */,
				920E89C1266E011D003E0F47 /* ViewController.swift */,
				920E89C8266E011E003E0F47 /* LaunchScreen.storyboard */,
				920E89CB266E011E003E0F47 /* Info.plist */,
				921275542672116A00CA580A /* Functions.swift */,
			);
			path = "Skærmtimer app";
			sourceTree = "<group>";
		};
		920E89D3266E011E003E0F47 /* Skærmtimer appTests */ = {
			isa = PBXGroup;
			children = (
				920E89D4266E011E003E0F47 /* Sk_rmtimer_appTests.swift */,
				920E89D6266E011E003E0F47 /* Info.plist */,
			);
			path = "Skærmtimer appTests";
			sourceTree = "<group>";
		};
		920E89DE266E011E003E0F47 /* Skærmtimer appUITests */ = {
			isa = PBXGroup;
			children = (
				920E89DF266E011E003E0F47 /* Sk_rmtimer_appUITests.swift */,
				920E89E1266E011E003E0F47 /* Info.plist */,
			);
			path = "Skærmtimer appUITests";
			sourceTree = "<group>";
		};
/* End PBXGroup section */

/* Begin PBXNativeTarget section */
		920E89B9266E011D003E0F47 /* Skærmtimer app */ = {
			isa = PBXNativeTarget;
			buildConfigurationList = 920E89E4266E011E003E0F47 /* Build configuration list for PBXNativeTarget "Skærmtimer app" */;
			buildPhases = (
				920E89B6266E011D003E0F47 /* Sources */,
				920E89B7266E011D003E0F47 /* Frameworks */,
				920E89B8266E011D003E0F47 /* Resources */,
			);
			buildRules = (
			);
			dependencies = (
			);
			name = "Skærmtimer app";
			productName = "Skærmtimer app";
			productReference = 920E89BA266E011D003E0F47 /* Skærmtimer app.app */;
			productType = "com.apple.product-type.application";
		};
		920E89CF266E011E003E0F47 /* Skærmtimer appTests */ = {
			isa = PBXNativeTarget;
			buildConfigurationList = 920E89E7266E011E003E0F47 /* Build configuration list for PBXNativeTarget "Skærmtimer appTests" */;
			buildPhases = (
				920E89CC266E011E003E0F47 /* Sources */,
				920E89CD266E011E003E0F47 /* Frameworks */,
				920E89CE266E011E003E0F47 /* Resources */,
			);
			buildRules = (
			);
			dependencies = (
				920E89D2266E011E003E0F47 /* PBXTargetDependency */,
			);
			name = "Skærmtimer appTests";
			productName = "Skærmtimer appTests";
			productReference = 920E89D0266E011E003E0F47 /* Skærmtimer appTests.xctest */;
			productType = "com.apple.product-type.bundle.unit-test";
		};
		920E89DA266E011E003E0F47 /* Skærmtimer appUITests */ = {
			isa = PBXNativeTarget;
			buildConfigurationList = 920E89EA266E011E003E0F47 /* Build configuration list for PBXNativeTarget "Skærmtimer appUITests" */;
			buildPhases = (
				920E89D7266E011E003E0F47 /* Sources */,
				920E89D8266E011E003E0F47 /* Frameworks */,
				920E89D9266E011E003E0F47 /* Resources */,
			);
			buildRules = (
			);
			dependencies = (
				920E89DD266E011E003E0F47 /* PBXTargetDependency */,
			);
			name = "Skærmtimer appUITests";
			productName = "Skærmtimer appUITests";
			productReference = 920E89DB266E011E003E0F47 /* Skærmtimer appUITests.xctest */;
			productType = "com.apple.product-type.bundle.ui-testing";
		};
/* End PBXNativeTarget section */

/* Begin PBXProject section */
		920E89B2266E011D003E0F47 /* Project object */ = {
			isa = PBXProject;
			attributes = {
				LastSwiftUpdateCheck = 1240;
				LastUpgradeCheck = 1240;
				TargetAttributes = {
					920E89B9266E011D003E0F47 = {
						CreatedOnToolsVersion = 12.4;
					};
					920E89CF266E011E003E0F47 = {
						CreatedOnToolsVersion = 12.4;
						TestTargetID = 920E89B9266E011D003E0F47;
					};
					920E89DA266E011E003E0F47 = {
						CreatedOnToolsVersion = 12.4;
						TestTargetID = 920E89B9266E011D003E0F47;
					};
				};
			};
			buildConfigurationList = 920E89B5266E011D003E0F47 /* Build configuration list for PBXProject "Skærmtimer app" */;
			compatibilityVersion = "Xcode 9.3";
			developmentRegion = en;
			hasScannedForEncodings = 0;
			knownRegions = (
				en,
				Base,
			);
			mainGroup = 920E89B1266E011D003E0F47;
			productRefGroup = 920E89BB266E011D003E0F47 /* Products */;
			projectDirPath = "";
			projectRoot = "";
			targets = (
				920E89B9266E011D003E0F47 /* Skærmtimer app */,
				920E89CF266E011E003E0F47 /* Skærmtimer appTests */,
				920E89DA266E011E003E0F47 /* Skærmtimer appUITests */,
			);
		};
/* End PBXProject section */

/* Begin PBXResourcesBuildPhase section */
		920E89B8266E011D003E0F47 /* Resources */ = {
			isa = PBXResourcesBuildPhase;
			buildActionMask = 2147483647;
			files = (
				920E89CA266E011E003E0F47 /* LaunchScreen.storyboard in Resources */,
				920E89C7266E011E003E0F47 /* Assets.xcassets in Resources */,
				920E89C5266E011D003E0F47 /* Main.storyboard in Resources */,
			);
			runOnlyForDeploymentPostprocessing = 0;
		};
		920E89CE266E011E003E0F47 /* Resources */ = {
			isa = PBXResourcesBuildPhase;
			buildActionMask = 2147483647;
			files = (
			);
			runOnlyForDeploymentPostprocessing = 0;
		};
		920E89D9266E011E003E0F47 /* Resources */ = {
			isa = PBXResourcesBuildPhase;
			buildActionMask = 2147483647;
			files = (
			);
			runOnlyForDeploymentPostprocessing = 0;
		};
/* End PBXResourcesBuildPhase section */

/* Begin PBXSourcesBuildPhase section */
		920E89B6266E011D003E0F47 /* Sources */ = {
			isa = PBXSourcesBuildPhase;
			buildActionMask = 2147483647;
			files = (
				920E89C2266E011D003E0F47 /* ViewController.swift in Sources */,
				920E89BE266E011D003E0F47 /* AppDelegate.swift in Sources */,
				920E89C0266E011D003E0F47 /* SceneDelegate.swift in Sources */,
				921275552672116A00CA580A /* Functions.swift in Sources */,
			);
			runOnlyForDeploymentPostprocessing = 0;
		};
		920E89CC266E011E003E0F47 /* Sources */ = {
			isa = PBXSourcesBuildPhase;
			buildActionMask = 2147483647;
			files = (
				920E89D5266E011E003E0F47 /* Sk_rmtimer_appTests.swift in Sources */,
			);
			runOnlyForDeploymentPostprocessing = 0;
		};
		920E89D7266E011E003E0F47 /* Sources */ = {
			isa = PBXSourcesBuildPhase;
			buildActionMask = 2147483647;
			files = (
				920E89E0266E011E003E0F47 /* Sk_rmtimer_appUITests.swift in Sources */,
			);
			runOnlyForDeploymentPostprocessing = 0;
		};
/* End PBXSourcesBuildPhase section */

/* Begin PBXTargetDependency section */
		920E89D2266E011E003E0F47 /* PBXTargetDependency */ = {
			isa = PBXTargetDependency;
			target = 920E89B9266E011D003E0F47 /* Skærmtimer app */;
			targetProxy = 920E89D1266E011E003E0F47 /* PBXContainerItemProxy */;
		};
		920E89DD266E011E003E0F47 /* PBXTargetDependency */ = {
			isa = PBXTargetDependency;
			target = 920E89B9266E011D003E0F47 /* Skærmtimer app */;
			targetProxy = 920E89DC266E011E003E0F47 /* PBXContainerItemProxy */;
		};
/* End PBXTargetDependency section */

/* Begin PBXVariantGroup section */
		920E89C3266E011D003E0F47 /* Main.storyboard */ = {
			isa = PBXVariantGroup;
			children = (
				920E89C4266E011D003E0F47 /* Base */,
			);
			name = Main.storyboard;
			sourceTree = "<group>";
		};
		920E89C8266E011E003E0F47 /* LaunchScreen.storyboard */ = {
			isa = PBXVariantGroup;
			children = (
				920E89C9266E011E003E0F47 /* Base */,
			);
			name = LaunchScreen.storyboard;
			sourceTree = "<group>";
		};
/* End PBXVariantGroup section */

/* Begin XCBuildConfiguration section */
		920E89E2266E011E003E0F47 /* Debug */ = {
			isa = XCBuildConfiguration;
			buildSettings = {
				ALWAYS_SEARCH_USER_PATHS = NO;
				CLANG_ANALYZER_NONNULL = YES;
				CLANG_ANALYZER_NUMBER_OBJECT_CONVERSION = YES_AGGRESSIVE;
				CLANG_CXX_LANGUAGE_STANDARD = "gnu++14";
				CLANG_CXX_LIBRARY = "libc++";
				CLANG_ENABLE_MODULES = YES;
				CLANG_ENABLE_OBJC_ARC = YES;
				CLANG_ENABLE_OBJC_WEAK = YES;
				CLANG_WARN_BLOCK_CAPTURE_AUTORELEASING = YES;
				CLANG_WARN_BOOL_CONVERSION = YES;
				CLANG_WARN_COMMA = YES;
				CLANG_WARN_CONSTANT_CONVERSION = YES;
				CLANG_WARN_DEPRECATED_OBJC_IMPLEMENTATIONS = YES;
				CLANG_WARN_DIRECT_OBJC_ISA_USAGE = YES_ERROR;
				CLANG_WARN_DOCUMENTATION_COMMENTS = YES;
				CLANG_WARN_EMPTY_BODY = YES;
				CLANG_WARN_ENUM_CONVERSION = YES;
				CLANG_WARN_INFINITE_RECURSION = YES;
				CLANG_WARN_INT_CONVERSION = YES;
				CLANG_WARN_NON_LITERAL_NULL_CONVERSION = YES;
				CLANG_WARN_OBJC_IMPLICIT_RETAIN_SELF = YES;
				CLANG_WARN_OBJC_LITERAL_CONVERSION = YES;
				CLANG_WARN_OBJC_ROOT_CLASS = YES_ERROR;
				CLANG_WARN_QUOTED_INCLUDE_IN_FRAMEWORK_HEADER = YES;
				CLANG_WARN_RANGE_LOOP_ANALYSIS = YES;
				CLANG_WARN_STRICT_PROTOTYPES = YES;
				CLANG_WARN_SUSPICIOUS_MOVE = YES;
				CLANG_WARN_UNGUARDED_AVAILABILITY = YES_AGGRESSIVE;
				CLANG_WARN_UNREACHABLE_CODE = YES;
				CLANG_WARN__DUPLICATE_METHOD_MATCH = YES;
				COPY_PHASE_STRIP = NO;
				DEBUG_INFORMATION_FORMAT = dwarf;
				ENABLE_STRICT_OBJC_MSGSEND = YES;
				ENABLE_TESTABILITY = YES;
				GCC_C_LANGUAGE_STANDARD = gnu11;
				GCC_DYNAMIC_NO_PIC = NO;
				GCC_NO_COMMON_BLOCKS = YES;
				GCC_OPTIMIZATION_LEVEL = 0;
				GCC_PREPROCESSOR_DEFINITIONS = (
					"DEBUG=1",
					"$(inherited)",
				);
				GCC_WARN_64_TO_32_BIT_CONVERSION = YES;
				GCC_WARN_ABOUT_RETURN_TYPE = YES_ERROR;
				GCC_WARN_UNDECLARED_SELECTOR = YES;
				GCC_WARN_UNINITIALIZED_AUTOS = YES_AGGRESSIVE;
				GCC_WARN_UNUSED_FUNCTION = YES;
				GCC_WARN_UNUSED_VARIABLE = YES;
				IPHONEOS_DEPLOYMENT_TARGET = 14.4;
				MTL_ENABLE_DEBUG_INFO = INCLUDE_SOURCE;
				MTL_FAST_MATH = YES;
				ONLY_ACTIVE_ARCH = YES;
				SDKROOT = iphoneos;
				SWIFT_ACTIVE_COMPILATION_CONDITIONS = DEBUG;
				SWIFT_OPTIMIZATION_LEVEL = "-Onone";
			};
			name = Debug;
		};
		920E89E3266E011E003E0F47 /* Release */ = {
			isa = XCBuildConfiguration;
			buildSettings = {
				ALWAYS_SEARCH_USER_PATHS = NO;
				CLANG_ANALYZER_NONNULL = YES;
				CLANG_ANALYZER_NUMBER_OBJECT_CONVERSION = YES_AGGRESSIVE;
				CLANG_CXX_LANGUAGE_STANDARD = "gnu++14";
				CLANG_CXX_LIBRARY = "libc++";
				CLANG_ENABLE_MODULES = YES;
				CLANG_ENABLE_OBJC_ARC = YES;
				CLANG_ENABLE_OBJC_WEAK = YES;
				CLANG_WARN_BLOCK_CAPTURE_AUTORELEASING = YES;
				CLANG_WARN_BOOL_CONVERSION = YES;
				CLANG_WARN_COMMA = YES;
				CLANG_WARN_CONSTANT_CONVERSION = YES;
				CLANG_WARN_DEPRECATED_OBJC_IMPLEMENTATIONS = YES;
				CLANG_WARN_DIRECT_OBJC_ISA_USAGE = YES_ERROR;
				CLANG_WARN_DOCUMENTATION_COMMENTS = YES;
				CLANG_WARN_EMPTY_BODY = YES;
				CLANG_WARN_ENUM_CONVERSION = YES;
				CLANG_WARN_INFINITE_RECURSION = YES;
				CLANG_WARN_INT_CONVERSION = YES;
				CLANG_WARN_NON_LITERAL_NULL_CONVERSION = YES;
				CLANG_WARN_OBJC_IMPLICIT_RETAIN_SELF = YES;
				CLANG_WARN_OBJC_LITERAL_CONVERSION = YES;
				CLANG_WARN_OBJC_ROOT_CLASS = YES_ERROR;
				CLANG_WARN_QUOTED_INCLUDE_IN_FRAMEWORK_HEADER = YES;
				CLANG_WARN_RANGE_LOOP_ANALYSIS = YES;
				CLANG_WARN_STRICT_PROTOTYPES = YES;
				CLANG_WARN_SUSPICIOUS_MOVE = YES;
				CLANG_WARN_UNGUARDED_AVAILABILITY = YES_AGGRESSIVE;
				CLANG_WARN_UNREACHABLE_CODE = YES;
				CLANG_WARN__DUPLICATE_METHOD_MATCH = YES;
				COPY_PHASE_STRIP = NO;
				DEBUG_INFORMATION_FORMAT = "dwarf-with-dsym";
				ENABLE_NS_ASSERTIONS = NO;
				ENABLE_STRICT_OBJC_MSGSEND = YES;
				GCC_C_LANGUAGE_STANDARD = gnu11;
				GCC_NO_COMMON_BLOCKS = YES;
				GCC_WARN_64_TO_32_BIT_CONVERSION = YES;
				GCC_WARN_ABOUT_RETURN_TYPE = YES_ERROR;
				GCC_WARN_UNDECLARED_SELECTOR = YES;
				GCC_WARN_UNINITIALIZED_AUTOS = YES_AGGRESSIVE;
				GCC_WARN_UNUSED_FUNCTION = YES;
				GCC_WARN_UNUSED_VARIABLE = YES;
				IPHONEOS_DEPLOYMENT_TARGET = 14.4;
				MTL_ENABLE_DEBUG_INFO = NO;
				MTL_FAST_MATH = YES;
				SDKROOT = iphoneos;
				SWIFT_COMPILATION_MODE = wholemodule;
				SWIFT_OPTIMIZATION_LEVEL = "-O";
				VALIDATE_PRODUCT = YES;
			};
			name = Release;
		};
		920E89E5266E011E003E0F47 /* Debug */ = {
			isa = XCBuildConfiguration;
			buildSettings = {
				ASSETCATALOG_COMPILER_APPICON_NAME = AppIcon;
				ASSETCATALOG_COMPILER_GLOBAL_ACCENT_COLOR_NAME = AccentColor;
				CODE_SIGN_STYLE = Automatic;
				INFOPLIST_FILE = "Skærmtimer app/Info.plist";
				LD_RUNPATH_SEARCH_PATHS = (
					"$(inherited)",
					"@executable_path/Frameworks",
				);
				PRODUCT_BUNDLE_IDENTIFIER = "Mercantec.Sk-rmtimer-app";
				PRODUCT_NAME = "$(TARGET_NAME)";
				SWIFT_VERSION = 5.0;
				TARGETED_DEVICE_FAMILY = "1,2";
			};
			name = Debug;
		};
		920E89E6266E011E003E0F47 /* Release */ = {
			isa = XCBuildConfiguration;
			buildSettings = {
				ASSETCATALOG_COMPILER_APPICON_NAME = AppIcon;
				ASSETCATALOG_COMPILER_GLOBAL_ACCENT_COLOR_NAME = AccentColor;
				CODE_SIGN_STYLE = Automatic;
				INFOPLIST_FILE = "Skærmtimer app/Info.plist";
				LD_RUNPATH_SEARCH_PATHS = (
					"$(inherited)",
					"@executable_path/Frameworks",
				);
				PRODUCT_BUNDLE_IDENTIFIER = "Mercantec.Sk-rmtimer-app";
				PRODUCT_NAME = "$(TARGET_NAME)";
				SWIFT_VERSION = 5.0;
				TARGETED_DEVICE_FAMILY = "1,2";
			};
			name = Release;
		};
		920E89E8266E011E003E0F47 /* Debug */ = {
			isa = XCBuildConfiguration;
			buildSettings = {
				ALWAYS_EMBED_SWIFT_STANDARD_LIBRARIES = YES;
				BUNDLE_LOADER = "$(TEST_HOST)";
				CODE_SIGN_STYLE = Automatic;
				INFOPLIST_FILE = "Skærmtimer appTests/Info.plist";
				IPHONEOS_DEPLOYMENT_TARGET = 14.4;
				LD_RUNPATH_SEARCH_PATHS = (
					"$(inherited)",
					"@executable_path/Frameworks",
					"@loader_path/Frameworks",
				);
				PRODUCT_BUNDLE_IDENTIFIER = "Mercantec.Sk-rmtimer-appTests";
				PRODUCT_NAME = "$(TARGET_NAME)";
				SWIFT_VERSION = 5.0;
				TARGETED_DEVICE_FAMILY = "1,2";
				TEST_HOST = "$(BUILT_PRODUCTS_DIR)/Skærmtimer app.app/Skærmtimer app";
			};
			name = Debug;
		};
		920E89E9266E011E003E0F47 /* Release */ = {
			isa = XCBuildConfiguration;
			buildSettings = {
				ALWAYS_EMBED_SWIFT_STANDARD_LIBRARIES = YES;
				BUNDLE_LOADER = "$(TEST_HOST)";
				CODE_SIGN_STYLE = Automatic;
				INFOPLIST_FILE = "Skærmtimer appTests/Info.plist";
				IPHONEOS_DEPLOYMENT_TARGET = 14.4;
				LD_RUNPATH_SEARCH_PATHS = (
					"$(inherited)",
					"@executable_path/Frameworks",
					"@loader_path/Frameworks",
				);
				PRODUCT_BUNDLE_IDENTIFIER = "Mercantec.Sk-rmtimer-appTests";
				PRODUCT_NAME = "$(TARGET_NAME)";
				SWIFT_VERSION = 5.0;
				TARGETED_DEVICE_FAMILY = "1,2";
				TEST_HOST = "$(BUILT_PRODUCTS_DIR)/Skærmtimer app.app/Skærmtimer app";
			};
			name = Release;
		};
		920E89EB266E011E003E0F47 /* Debug */ = {
			isa = XCBuildConfiguration;
			buildSettings = {
				ALWAYS_EMBED_SWIFT_STANDARD_LIBRARIES = YES;
				CODE_SIGN_STYLE = Automatic;
				INFOPLIST_FILE = "Skærmtimer appUITests/Info.plist";
				LD_RUNPATH_SEARCH_PATHS = (
					"$(inherited)",
					"@executable_path/Frameworks",
					"@loader_path/Frameworks",
				);
				PRODUCT_BUNDLE_IDENTIFIER = "Mercantec.Sk-rmtimer-appUITests";
				PRODUCT_NAME = "$(TARGET_NAME)";
				SWIFT_VERSION = 5.0;
				TARGETED_DEVICE_FAMILY = "1,2";
				TEST_TARGET_NAME = "Skærmtimer app";
			};
			name = Debug;
		};
		920E89EC266E011E003E0F47 /* Release */ = {
			isa = XCBuildConfiguration;
			buildSettings = {
				ALWAYS_EMBED_SWIFT_STANDARD_LIBRARIES = YES;
				CODE_SIGN_STYLE = Automatic;
				INFOPLIST_FILE = "Skærmtimer appUITests/Info.plist";
				LD_RUNPATH_SEARCH_PATHS = (
					"$(inherited)",
					"@executable_path/Frameworks",
					"@loader_path/Frameworks",
				);
				PRODUCT_BUNDLE_IDENTIFIER = "Mercantec.Sk-rmtimer-appUITests";
				PRODUCT_NAME = "$(TARGET_NAME)";
				SWIFT_VERSION = 5.0;
				TARGETED_DEVICE_FAMILY = "1,2";
				TEST_TARGET_NAME = "Skærmtimer app";
			};
			name = Release;
		};
/* End XCBuildConfiguration section */

/* Begin XCConfigurationList section */
		920E89B5266E011D003E0F47 /* Build configuration list for PBXProject "Skærmtimer app" */ = {
			isa = XCConfigurationList;
			buildConfigurations = (
				920E89E2266E011E003E0F47 /* Debug */,
				920E89E3266E011E003E0F47 /* Release */,
			);
			defaultConfigurationIsVisible = 0;
			defaultConfigurationName = Release;
		};
		920E89E4266E011E003E0F47 /* Build configuration list for PBXNativeTarget "Skærmtimer app" */ = {
			isa = XCConfigurationList;
			buildConfigurations = (
				920E89E5266E011E003E0F47 /* Debug */,
				920E89E6266E011E003E0F47 /* Release */,
			);
			defaultConfigurationIsVisible = 0;
			defaultConfigurationName = Release;
		};
		920E89E7266E011E003E0F47 /* Build configuration list for PBXNativeTarget "Skærmtimer appTests" */ = {
			isa = XCConfigurationList;
			buildConfigurations = (
				920E89E8266E011E003E0F47 /* Debug */,
				920E89E9266E011E003E0F47 /* Release */,
			);
			defaultConfigurationIsVisible = 0;
			defaultConfigurationName = Release;
		};
		920E89EA266E011E003E0F47 /* Build configuration list for PBXNativeTarget "Skærmtimer appUITests" */ = {
			isa = XCConfigurationList;
			buildConfigurations = (
				920E89EB266E011E003E0F47 /* Debug */,
				920E89EC266E011E003E0F47 /* Release */,
			);
			defaultConfigurationIsVisible = 0;
			defaultConfigurationName = Release;
		};
/* End XCConfigurationList section */
	};
	rootObject = 920E89B2266E011D003E0F47 /* Project object */;
}
